// !$*UTF8*$!
{
	archiveVersion = 1;
	classes = {
	};
	objectVersion = 51;
	objects = {

/* Begin PBXBuildFile section */
		721DBB4B25C991090081461A /* AppDelegate.swift in Sources */ = {isa = PBXBuildFile; fileRef = 721DBB4A25C991090081461A /* AppDelegate.swift */; };
		721DBB4D25C991090081461A /* SceneDelegate.swift in Sources */ = {isa = PBXBuildFile; fileRef = 721DBB4C25C991090081461A /* SceneDelegate.swift */; };
		721DBB4F25C9910A0081461A /* ViewController.swift in Sources */ = {isa = PBXBuildFile; fileRef = 721DBB4E25C9910A0081461A /* ViewController.swift */; };
		721DBB5225C9910A0081461A /* Main.storyboard in Resources */ = {isa = PBXBuildFile; fileRef = 721DBB5025C9910A0081461A /* Main.storyboard */; };
		721DBB5725C9910C0081461A /* Assets.xcassets in Resources */ = {isa = PBXBuildFile; fileRef = 721DBB5625C9910C0081461A /* Assets.xcassets */; };
		721DBB5A25C9910C0081461A /* LaunchScreen.storyboard in Resources */ = {isa = PBXBuildFile; fileRef = 721DBB5825C9910C0081461A /* LaunchScreen.storyboard */; };
		726A3E3225E859A600335747 /* UserCollectionViewCell.swift in Sources */ = {isa = PBXBuildFile; fileRef = 726A3E3125E859A600335747 /* UserCollectionViewCell.swift */; };
		72A5783625E4238F0089A916 /* DrawWithMe.xcdatamodeld in Sources */ = {isa = PBXBuildFile; fileRef = 72A5783425E4238F0089A916 /* DrawWithMe.xcdatamodeld */; };
		72D8CB4125E4304C002C31A0 /* GoogleService-Info.plist in Resources */ = {isa = PBXBuildFile; fileRef = 72D8CB4025E4304C002C31A0 /* GoogleService-Info.plist */; };
		72D8CB4525E43AF0002C31A0 /* Extensions.swift in Sources */ = {isa = PBXBuildFile; fileRef = 72D8CB4425E43AF0002C31A0 /* Extensions.swift */; };
		72DB63C325CC552B00C428F2 /* addViewController.swift in Sources */ = {isa = PBXBuildFile; fileRef = 72DB63C225CC552B00C428F2 /* addViewController.swift */; };
		72DB63C625CC555900C428F2 /* homeViewController.swift in Sources */ = {isa = PBXBuildFile; fileRef = 72DB63C525CC555900C428F2 /* homeViewController.swift */; };
		72DB63C925CC568600C428F2 /* galleryViewController.swift in Sources */ = {isa = PBXBuildFile; fileRef = 72DB63C825CC568600C428F2 /* galleryViewController.swift */; };
		72DB63CC25CC573700C428F2 /* stickerBookViewController.swift in Sources */ = {isa = PBXBuildFile; fileRef = 72DB63CB25CC573700C428F2 /* stickerBookViewController.swift */; };
		72DB63CF25CC576600C428F2 /* progressChartViewController.swift in Sources */ = {isa = PBXBuildFile; fileRef = 72DB63CE25CC576600C428F2 /* progressChartViewController.swift */; };
		72DB63D225CC579E00C428F2 /* drawingLevelViewController.swift in Sources */ = {isa = PBXBuildFile; fileRef = 72DB63D125CC579E00C428F2 /* drawingLevelViewController.swift */; };
		72DB63D525CC583100C428F2 /* tracingViewController.swift in Sources */ = {isa = PBXBuildFile; fileRef = 72DB63D425CC583100C428F2 /* tracingViewController.swift */; };
		72DB63D825CC5B8900C428F2 /* scoreViewController.swift in Sources */ = {isa = PBXBuildFile; fileRef = 72DB63D725CC5B8900C428F2 /* scoreViewController.swift */; };
		72DB63DB25CC5C0D00C428F2 /* colorViewController.swift in Sources */ = {isa = PBXBuildFile; fileRef = 72DB63DA25CC5C0D00C428F2 /* colorViewController.swift */; };
		72DB63DE25CC5D9D00C428F2 /* instructionsViewController.swift in Sources */ = {isa = PBXBuildFile; fileRef = 72DB63DD25CC5D9D00C428F2 /* instructionsViewController.swift */; };
		72DB63E125CC5F6B00C428F2 /* profileViewController.swift in Sources */ = {isa = PBXBuildFile; fileRef = 72DB63E025CC5F6B00C428F2 /* profileViewController.swift */; };
		72DB63E425CC600200C428F2 /* menuViewController.swift in Sources */ = {isa = PBXBuildFile; fileRef = 72DB63E325CC600200C428F2 /* menuViewController.swift */; };
		F0A35A8FC3EF8122E816AC0D /* Pods_DrawWithMe.framework in Frameworks */ = {isa = PBXBuildFile; fileRef = DF7572F8665F25BCB5D4F114 /* Pods_DrawWithMe.framework */; };
/* End PBXBuildFile section */

/* Begin PBXFileReference section */
		721DBB4725C991090081461A /* DrawWithMe.app */ = {isa = PBXFileReference; explicitFileType = wrapper.application; includeInIndex = 0; path = DrawWithMe.app; sourceTree = BUILT_PRODUCTS_DIR; };
		721DBB4A25C991090081461A /* AppDelegate.swift */ = {isa = PBXFileReference; lastKnownFileType = sourcecode.swift; path = AppDelegate.swift; sourceTree = "<group>"; };
		721DBB4C25C991090081461A /* SceneDelegate.swift */ = {isa = PBXFileReference; lastKnownFileType = sourcecode.swift; path = SceneDelegate.swift; sourceTree = "<group>"; };
		721DBB4E25C9910A0081461A /* ViewController.swift */ = {isa = PBXFileReference; lastKnownFileType = sourcecode.swift; path = ViewController.swift; sourceTree = "<group>"; };
		721DBB5125C9910A0081461A /* Base */ = {isa = PBXFileReference; lastKnownFileType = file.storyboard; name = Base; path = Base.lproj/Main.storyboard; sourceTree = "<group>"; };
		721DBB5625C9910C0081461A /* Assets.xcassets */ = {isa = PBXFileReference; lastKnownFileType = folder.assetcatalog; path = Assets.xcassets; sourceTree = "<group>"; };
		721DBB5925C9910C0081461A /* Base */ = {isa = PBXFileReference; lastKnownFileType = file.storyboard; name = Base; path = Base.lproj/LaunchScreen.storyboard; sourceTree = "<group>"; };
		721DBB5B25C9910C0081461A /* Info.plist */ = {isa = PBXFileReference; lastKnownFileType = text.plist.xml; path = Info.plist; sourceTree = "<group>"; };
		726A3E3125E859A600335747 /* UserCollectionViewCell.swift */ = {isa = PBXFileReference; lastKnownFileType = sourcecode.swift; path = UserCollectionViewCell.swift; sourceTree = "<group>"; };
		72A5783525E4238F0089A916 /* DrawWithMe.xcdatamodel */ = {isa = PBXFileReference; lastKnownFileType = wrapper.xcdatamodel; path = DrawWithMe.xcdatamodel; sourceTree = "<group>"; };
		72D8CB4025E4304C002C31A0 /* GoogleService-Info.plist */ = {isa = PBXFileReference; fileEncoding = 4; lastKnownFileType = text.plist.xml; path = "GoogleService-Info.plist"; sourceTree = "<group>"; };
		72D8CB4425E43AF0002C31A0 /* Extensions.swift */ = {isa = PBXFileReference; lastKnownFileType = sourcecode.swift; path = Extensions.swift; sourceTree = "<group>"; };
		72DB63C225CC552B00C428F2 /* addViewController.swift */ = {isa = PBXFileReference; lastKnownFileType = sourcecode.swift; path = addViewController.swift; sourceTree = "<group>"; };
		72DB63C525CC555900C428F2 /* homeViewController.swift */ = {isa = PBXFileReference; lastKnownFileType = sourcecode.swift; path = homeViewController.swift; sourceTree = "<group>"; };
		72DB63C825CC568600C428F2 /* galleryViewController.swift */ = {isa = PBXFileReference; lastKnownFileType = sourcecode.swift; path = galleryViewController.swift; sourceTree = "<group>"; };
		72DB63CB25CC573700C428F2 /* stickerBookViewController.swift */ = {isa = PBXFileReference; lastKnownFileType = sourcecode.swift; path = stickerBookViewController.swift; sourceTree = "<group>"; };
		72DB63CE25CC576600C428F2 /* progressChartViewController.swift */ = {isa = PBXFileReference; lastKnownFileType = sourcecode.swift; path = progressChartViewController.swift; sourceTree = "<group>"; };
		72DB63D125CC579E00C428F2 /* drawingLevelViewController.swift */ = {isa = PBXFileReference; lastKnownFileType = sourcecode.swift; path = drawingLevelViewController.swift; sourceTree = "<group>"; };
		72DB63D425CC583100C428F2 /* tracingViewController.swift */ = {isa = PBXFileReference; lastKnownFileType = sourcecode.swift; path = tracingViewController.swift; sourceTree = "<group>"; };
		72DB63D725CC5B8900C428F2 /* scoreViewController.swift */ = {isa = PBXFileReference; lastKnownFileType = sourcecode.swift; path = scoreViewController.swift; sourceTree = "<group>"; };
		72DB63DA25CC5C0D00C428F2 /* colorViewController.swift */ = {isa = PBXFileReference; lastKnownFileType = sourcecode.swift; path = colorViewController.swift; sourceTree = "<group>"; };
		72DB63DD25CC5D9D00C428F2 /* instructionsViewController.swift */ = {isa = PBXFileReference; lastKnownFileType = sourcecode.swift; path = instructionsViewController.swift; sourceTree = "<group>"; };
		72DB63E025CC5F6B00C428F2 /* profileViewController.swift */ = {isa = PBXFileReference; lastKnownFileType = sourcecode.swift; path = profileViewController.swift; sourceTree = "<group>"; };
		72DB63E325CC600200C428F2 /* menuViewController.swift */ = {isa = PBXFileReference; lastKnownFileType = sourcecode.swift; path = menuViewController.swift; sourceTree = "<group>"; };
		8E72864C25D1E969001B5672 /* en */ = {isa = PBXFileReference; lastKnownFileType = text.plist.strings; name = en; path = en.lproj/Main.strings; sourceTree = "<group>"; };
		B58BB54BD95492F8E132B864 /* Pods-DrawWithMe.release.xcconfig */ = {isa = PBXFileReference; includeInIndex = 1; lastKnownFileType = text.xcconfig; name = "Pods-DrawWithMe.release.xcconfig"; path = "Target Support Files/Pods-DrawWithMe/Pods-DrawWithMe.release.xcconfig"; sourceTree = "<group>"; };
		DF7572F8665F25BCB5D4F114 /* Pods_DrawWithMe.framework */ = {isa = PBXFileReference; explicitFileType = wrapper.framework; includeInIndex = 0; path = Pods_DrawWithMe.framework; sourceTree = BUILT_PRODUCTS_DIR; };
		E44CFC1E47F3E6407FC7751C /* Pods-DrawWithMe.debug.xcconfig */ = {isa = PBXFileReference; includeInIndex = 1; lastKnownFileType = text.xcconfig; name = "Pods-DrawWithMe.debug.xcconfig"; path = "Target Support Files/Pods-DrawWithMe/Pods-DrawWithMe.debug.xcconfig"; sourceTree = "<group>"; };
/* End PBXFileReference section */

/* Begin PBXFrameworksBuildPhase section */
		721DBB4425C991090081461A /* Frameworks */ = {
			isa = PBXFrameworksBuildPhase;
			buildActionMask = 2147483647;
			files = (
				F0A35A8FC3EF8122E816AC0D /* Pods_DrawWithMe.framework in Frameworks */,
			);
			runOnlyForDeploymentPostprocessing = 0;
		};
/* End PBXFrameworksBuildPhase section */

/* Begin PBXGroup section */
		4E516529EF8554AF560D805D /* Pods */ = {
			isa = PBXGroup;
			children = (
				E44CFC1E47F3E6407FC7751C /* Pods-DrawWithMe.debug.xcconfig */,
				B58BB54BD95492F8E132B864 /* Pods-DrawWithMe.release.xcconfig */,
			);
			path = Pods;
			sourceTree = "<group>";
		};
		721DBB3E25C991090081461A = {
			isa = PBXGroup;
			children = (
				721DBB4925C991090081461A /* DrawWithMe */,
				721DBB4825C991090081461A /* Products */,
				4E516529EF8554AF560D805D /* Pods */,
				E17135CECCECC948BB19BC58 /* Frameworks */,
			);
			sourceTree = "<group>";
		};
		721DBB4825C991090081461A /* Products */ = {
			isa = PBXGroup;
			children = (
				721DBB4725C991090081461A /* DrawWithMe.app */,
			);
			name = Products;
			sourceTree = "<group>";
		};
		721DBB4925C991090081461A /* DrawWithMe */ = {
			isa = PBXGroup;
			children = (
				721DBB4A25C991090081461A /* AppDelegate.swift */,
				72D8CB4425E43AF0002C31A0 /* Extensions.swift */,
				721DBB4C25C991090081461A /* SceneDelegate.swift */,
				721DBB4E25C9910A0081461A /* ViewController.swift */,
				726A3E3125E859A600335747 /* UserCollectionViewCell.swift */,
				721DBB5025C9910A0081461A /* Main.storyboard */,
				72DB63E325CC600200C428F2 /* menuViewController.swift */,
				72DB63E025CC5F6B00C428F2 /* profileViewController.swift */,
				72DB63DD25CC5D9D00C428F2 /* instructionsViewController.swift */,
				72DB63DA25CC5C0D00C428F2 /* colorViewController.swift */,
				72DB63D725CC5B8900C428F2 /* scoreViewController.swift */,
				72DB63D425CC583100C428F2 /* tracingViewController.swift */,
				72DB63D125CC579E00C428F2 /* drawingLevelViewController.swift */,
				72DB63CE25CC576600C428F2 /* progressChartViewController.swift */,
				72DB63CB25CC573700C428F2 /* stickerBookViewController.swift */,
				72DB63C825CC568600C428F2 /* galleryViewController.swift */,
				72DB63C525CC555900C428F2 /* homeViewController.swift */,
				72DB63C225CC552B00C428F2 /* addViewController.swift */,
				721DBB5625C9910C0081461A /* Assets.xcassets */,
				721DBB5825C9910C0081461A /* LaunchScreen.storyboard */,
				72A5783425E4238F0089A916 /* DrawWithMe.xcdatamodeld */,
				721DBB5B25C9910C0081461A /* Info.plist */,
				72D8CB4025E4304C002C31A0 /* GoogleService-Info.plist */,
			);
			path = DrawWithMe;
			sourceTree = "<group>";
		};
		E17135CECCECC948BB19BC58 /* Frameworks */ = {
			isa = PBXGroup;
			children = (
				DF7572F8665F25BCB5D4F114 /* Pods_DrawWithMe.framework */,
			);
			name = Frameworks;
			sourceTree = "<group>";
		};
/* End PBXGroup section */

/* Begin PBXNativeTarget section */
		721DBB4625C991090081461A /* DrawWithMe */ = {
			isa = PBXNativeTarget;
			buildConfigurationList = 721DBB5E25C9910C0081461A /* Build configuration list for PBXNativeTarget "DrawWithMe" */;
			buildPhases = (
				1469969DF5BC202CB5F4F75E /* [CP] Check Pods Manifest.lock */,
				721DBB4325C991090081461A /* Sources */,
				721DBB4425C991090081461A /* Frameworks */,
				721DBB4525C991090081461A /* Resources */,
				246EFF4ADA2105B54620979A /* [CP] Embed Pods Frameworks */,
			);
			buildRules = (
			);
			dependencies = (
			);
			name = DrawWithMe;
			productName = DrawWithMe;
			productReference = 721DBB4725C991090081461A /* DrawWithMe.app */;
			productType = "com.apple.product-type.application";
		};
/* End PBXNativeTarget section */

/* Begin PBXProject section */
		721DBB3F25C991090081461A /* Project object */ = {
			isa = PBXProject;
			attributes = {
				LastSwiftUpdateCheck = 1240;
				LastUpgradeCheck = 1240;
				TargetAttributes = {
					721DBB4625C991090081461A = {
						CreatedOnToolsVersion = 12.4;
					};
				};
			};
			buildConfigurationList = 721DBB4225C991090081461A /* Build configuration list for PBXProject "DrawWithMe" */;
			compatibilityVersion = "Xcode 9.3";
			developmentRegion = en;
			hasScannedForEncodings = 0;
			knownRegions = (
				en,
				Base,
			);
			mainGroup = 721DBB3E25C991090081461A;
			productRefGroup = 721DBB4825C991090081461A /* Products */;
			projectDirPath = "";
			projectRoot = "";
			targets = (
				721DBB4625C991090081461A /* DrawWithMe */,
			);
		};
/* End PBXProject section */

/* Begin PBXResourcesBuildPhase section */
		721DBB4525C991090081461A /* Resources */ = {
			isa = PBXResourcesBuildPhase;
			buildActionMask = 2147483647;
			files = (
				721DBB5A25C9910C0081461A /* LaunchScreen.storyboard in Resources */,
				721DBB5725C9910C0081461A /* Assets.xcassets in Resources */,
				721DBB5225C9910A0081461A /* Main.storyboard in Resources */,
				72D8CB4125E4304C002C31A0 /* GoogleService-Info.plist in Resources */,
			);
			runOnlyForDeploymentPostprocessing = 0;
		};
/* End PBXResourcesBuildPhase section */

/* Begin PBXShellScriptBuildPhase section */
		1469969DF5BC202CB5F4F75E /* [CP] Check Pods Manifest.lock */ = {
			isa = PBXShellScriptBuildPhase;
			buildActionMask = 2147483647;
			files = (
			);
			inputFileListPaths = (
			);
			inputPaths = (
				"${PODS_PODFILE_DIR_PATH}/Podfile.lock",
				"${PODS_ROOT}/Manifest.lock",
			);
			name = "[CP] Check Pods Manifest.lock";
			outputFileListPaths = (
			);
			outputPaths = (
				"$(DERIVED_FILE_DIR)/Pods-DrawWithMe-checkManifestLockResult.txt",
			);
			runOnlyForDeploymentPostprocessing = 0;
			shellPath = /bin/sh;
			shellScript = "diff \"${PODS_PODFILE_DIR_PATH}/Podfile.lock\" \"${PODS_ROOT}/Manifest.lock\" > /dev/null\nif [ $? != 0 ] ; then\n    # print error to STDERR\n    echo \"error: The sandbox is not in sync with the Podfile.lock. Run 'pod install' or update your CocoaPods installation.\" >&2\n    exit 1\nfi\n# This output is used by Xcode 'outputs' to avoid re-running this script phase.\necho \"SUCCESS\" > \"${SCRIPT_OUTPUT_FILE_0}\"\n";
			showEnvVarsInLog = 0;
		};
		246EFF4ADA2105B54620979A /* [CP] Embed Pods Frameworks */ = {
			isa = PBXShellScriptBuildPhase;
			buildActionMask = 2147483647;
			files = (
			);
			inputFileListPaths = (
				"${PODS_ROOT}/Target Support Files/Pods-DrawWithMe/Pods-DrawWithMe-frameworks-${CONFIGURATION}-input-files.xcfilelist",
			);
			name = "[CP] Embed Pods Frameworks";
			outputFileListPaths = (
				"${PODS_ROOT}/Target Support Files/Pods-DrawWithMe/Pods-DrawWithMe-frameworks-${CONFIGURATION}-output-files.xcfilelist",
			);
			runOnlyForDeploymentPostprocessing = 0;
			shellPath = /bin/sh;
			shellScript = "\"${PODS_ROOT}/Target Support Files/Pods-DrawWithMe/Pods-DrawWithMe-frameworks.sh\"\n";
			showEnvVarsInLog = 0;
		};
/* End PBXShellScriptBuildPhase section */

/* Begin PBXSourcesBuildPhase section */
		721DBB4325C991090081461A /* Sources */ = {
			isa = PBXSourcesBuildPhase;
			buildActionMask = 2147483647;
			files = (
				72DB63D525CC583100C428F2 /* tracingViewController.swift in Sources */,
				721DBB4F25C9910A0081461A /* ViewController.swift in Sources */,
				72DB63CC25CC573700C428F2 /* stickerBookViewController.swift in Sources */,
				72DB63C625CC555900C428F2 /* homeViewController.swift in Sources */,
				721DBB4B25C991090081461A /* AppDelegate.swift in Sources */,
				721DBB4D25C991090081461A /* SceneDelegate.swift in Sources */,
				72DB63CF25CC576600C428F2 /* progressChartViewController.swift in Sources */,
				72DB63E425CC600200C428F2 /* menuViewController.swift in Sources */,
				72DB63D825CC5B8900C428F2 /* scoreViewController.swift in Sources */,
				72DB63E125CC5F6B00C428F2 /* profileViewController.swift in Sources */,
				72DB63D225CC579E00C428F2 /* drawingLevelViewController.swift in Sources */,
				72A5783625E4238F0089A916 /* DrawWithMe.xcdatamodeld in Sources */,
				72DB63DB25CC5C0D00C428F2 /* colorViewController.swift in Sources */,
				72DB63C325CC552B00C428F2 /* addViewController.swift in Sources */,
				72D8CB4525E43AF0002C31A0 /* Extensions.swift in Sources */,
				726A3E3225E859A600335747 /* UserCollectionViewCell.swift in Sources */,
				72DB63DE25CC5D9D00C428F2 /* instructionsViewController.swift in Sources */,
				72DB63C925CC568600C428F2 /* galleryViewController.swift in Sources */,
			);
			runOnlyForDeploymentPostprocessing = 0;
		};
/* End PBXSourcesBuildPhase section */

/* Begin PBXVariantGroup section */
		721DBB5025C9910A0081461A /* Main.storyboard */ = {
			isa = PBXVariantGroup;
			children = (
				721DBB5125C9910A0081461A /* Base */,
				8E72864C25D1E969001B5672 /* en */,
			);
			name = Main.storyboard;
			sourceTree = "<group>";
		};
		721DBB5825C9910C0081461A /* LaunchScreen.storyboard */ = {
			isa = PBXVariantGroup;
			children = (
				721DBB5925C9910C0081461A /* Base */,
			);
			name = LaunchScreen.storyboard;
			sourceTree = "<group>";
		};
/* End PBXVariantGroup section */

/* Begin XCBuildConfiguration section */
		721DBB5C25C9910C0081461A /* Debug */ = {
			isa = XCBuildConfiguration;
			buildSettings = {
				ALWAYS_SEARCH_USER_PATHS = NO;
				CLANG_ANALYZER_NONNULL = YES;
				CLANG_ANALYZER_NUMBER_OBJECT_CONVERSION = YES_AGGRESSIVE;
				CLANG_CXX_LANGUAGE_STANDARD = "gnu++14";
				CLANG_CXX_LIBRARY = "libc++";
				CLANG_ENABLE_MODULES = YES;
				CLANG_ENABLE_OBJC_ARC = YES;
				CLANG_ENABLE_OBJC_WEAK = YES;
				CLANG_WARN_BLOCK_CAPTURE_AUTORELEASING = YES;
				CLANG_WARN_BOOL_CONVERSION = YES;
				CLANG_WARN_COMMA = YES;
				CLANG_WARN_CONSTANT_CONVERSION = YES;
				CLANG_WARN_DEPRECATED_OBJC_IMPLEMENTATIONS = YES;
				CLANG_WARN_DIRECT_OBJC_ISA_USAGE = YES_ERROR;
				CLANG_WARN_DOCUMENTATION_COMMENTS = YES;
				CLANG_WARN_EMPTY_BODY = YES;
				CLANG_WARN_ENUM_CONVERSION = YES;
				CLANG_WARN_INFINITE_RECURSION = YES;
				CLANG_WARN_INT_CONVERSION = YES;
				CLANG_WARN_NON_LITERAL_NULL_CONVERSION = YES;
				CLANG_WARN_OBJC_IMPLICIT_RETAIN_SELF = YES;
				CLANG_WARN_OBJC_LITERAL_CONVERSION = YES;
				CLANG_WARN_OBJC_ROOT_CLASS = YES_ERROR;
				CLANG_WARN_QUOTED_INCLUDE_IN_FRAMEWORK_HEADER = YES;
				CLANG_WARN_RANGE_LOOP_ANALYSIS = YES;
				CLANG_WARN_STRICT_PROTOTYPES = YES;
				CLANG_WARN_SUSPICIOUS_MOVE = YES;
				CLANG_WARN_UNGUARDED_AVAILABILITY = YES_AGGRESSIVE;
				CLANG_WARN_UNREACHABLE_CODE = YES;
				CLANG_WARN__DUPLICATE_METHOD_MATCH = YES;
				COPY_PHASE_STRIP = NO;
				DEBUG_INFORMATION_FORMAT = dwarf;
				ENABLE_STRICT_OBJC_MSGSEND = YES;
				ENABLE_TESTABILITY = YES;
				GCC_C_LANGUAGE_STANDARD = gnu11;
				GCC_DYNAMIC_NO_PIC = NO;
				GCC_NO_COMMON_BLOCKS = YES;
				GCC_OPTIMIZATION_LEVEL = 0;
				GCC_PREPROCESSOR_DEFINITIONS = (
					"DEBUG=1",
					"$(inherited)",
				);
				GCC_WARN_64_TO_32_BIT_CONVERSION = YES;
				GCC_WARN_ABOUT_RETURN_TYPE = YES_ERROR;
				GCC_WARN_UNDECLARED_SELECTOR = YES;
				GCC_WARN_UNINITIALIZED_AUTOS = YES_AGGRESSIVE;
				GCC_WARN_UNUSED_FUNCTION = YES;
				GCC_WARN_UNUSED_VARIABLE = YES;
				IPHONEOS_DEPLOYMENT_TARGET = 14.4;
				MTL_ENABLE_DEBUG_INFO = INCLUDE_SOURCE;
				MTL_FAST_MATH = YES;
				ONLY_ACTIVE_ARCH = YES;
				SDKROOT = iphoneos;
				SWIFT_ACTIVE_COMPILATION_CONDITIONS = DEBUG;
				SWIFT_OPTIMIZATION_LEVEL = "-Onone";
			};
			name = Debug;
		};
		721DBB5D25C9910C0081461A /* Release */ = {
			isa = XCBuildConfiguration;
			buildSettings = {
				ALWAYS_SEARCH_USER_PATHS = NO;
				CLANG_ANALYZER_NONNULL = YES;
				CLANG_ANALYZER_NUMBER_OBJECT_CONVERSION = YES_AGGRESSIVE;
				CLANG_CXX_LANGUAGE_STANDARD = "gnu++14";
				CLANG_CXX_LIBRARY = "libc++";
				CLANG_ENABLE_MODULES = YES;
				CLANG_ENABLE_OBJC_ARC = YES;
				CLANG_ENABLE_OBJC_WEAK = YES;
				CLANG_WARN_BLOCK_CAPTURE_AUTORELEASING = YES;
				CLANG_WARN_BOOL_CONVERSION = YES;
				CLANG_WARN_COMMA = YES;
				CLANG_WARN_CONSTANT_CONVERSION = YES;
				CLANG_WARN_DEPRECATED_OBJC_IMPLEMENTATIONS = YES;
				CLANG_WARN_DIRECT_OBJC_ISA_USAGE = YES_ERROR;
				CLANG_WARN_DOCUMENTATION_COMMENTS = YES;
				CLANG_WARN_EMPTY_BODY = YES;
				CLANG_WARN_ENUM_CONVERSION = YES;
				CLANG_WARN_INFINITE_RECURSION = YES;
				CLANG_WARN_INT_CONVERSION = YES;
				CLANG_WARN_NON_LITERAL_NULL_CONVERSION = YES;
				CLANG_WARN_OBJC_IMPLICIT_RETAIN_SELF = YES;
				CLANG_WARN_OBJC_LITERAL_CONVERSION = YES;
				CLANG_WARN_OBJC_ROOT_CLASS = YES_ERROR;
				CLANG_WARN_QUOTED_INCLUDE_IN_FRAMEWORK_HEADER = YES;
				CLANG_WARN_RANGE_LOOP_ANALYSIS = YES;
				CLANG_WARN_STRICT_PROTOTYPES = YES;
				CLANG_WARN_SUSPICIOUS_MOVE = YES;
				CLANG_WARN_UNGUARDED_AVAILABILITY = YES_AGGRESSIVE;
				CLANG_WARN_UNREACHABLE_CODE = YES;
				CLANG_WARN__DUPLICATE_METHOD_MATCH = YES;
				COPY_PHASE_STRIP = NO;
				DEBUG_INFORMATION_FORMAT = "dwarf-with-dsym";
				ENABLE_NS_ASSERTIONS = NO;
				ENABLE_STRICT_OBJC_MSGSEND = YES;
				GCC_C_LANGUAGE_STANDARD = gnu11;
				GCC_NO_COMMON_BLOCKS = YES;
				GCC_WARN_64_TO_32_BIT_CONVERSION = YES;
				GCC_WARN_ABOUT_RETURN_TYPE = YES_ERROR;
				GCC_WARN_UNDECLARED_SELECTOR = YES;
				GCC_WARN_UNINITIALIZED_AUTOS = YES_AGGRESSIVE;
				GCC_WARN_UNUSED_FUNCTION = YES;
				GCC_WARN_UNUSED_VARIABLE = YES;
				IPHONEOS_DEPLOYMENT_TARGET = 14.4;
				MTL_ENABLE_DEBUG_INFO = NO;
				MTL_FAST_MATH = YES;
				SDKROOT = iphoneos;
				SWIFT_COMPILATION_MODE = wholemodule;
				SWIFT_OPTIMIZATION_LEVEL = "-O";
				VALIDATE_PRODUCT = YES;
			};
			name = Release;
		};
		721DBB5F25C9910C0081461A /* Debug */ = {
			isa = XCBuildConfiguration;
			baseConfigurationReference = E44CFC1E47F3E6407FC7751C /* Pods-DrawWithMe.debug.xcconfig */;
			buildSettings = {
				ASSETCATALOG_COMPILER_APPICON_NAME = AppIcon;
				ASSETCATALOG_COMPILER_GLOBAL_ACCENT_COLOR_NAME = AccentColor;
				CODE_SIGN_STYLE = Automatic;
				INFOPLIST_FILE = DrawWithMe/Info.plist;
				IPHONEOS_DEPLOYMENT_TARGET = 14.1;
				LD_RUNPATH_SEARCH_PATHS = (
					"$(inherited)",
					"@executable_path/Frameworks",
				);
				PRODUCT_BUNDLE_IDENTIFIER = com.DTeamAA.DrawWithMe;
				PRODUCT_NAME = "$(TARGET_NAME)";
				SWIFT_VERSION = 5.0;
				TARGETED_DEVICE_FAMILY = 2;
			};
			name = Debug;
		};
		721DBB6025C9910C0081461A /* Release */ = {
			isa = XCBuildConfiguration;
			baseConfigurationReference = B58BB54BD95492F8E132B864 /* Pods-DrawWithMe.release.xcconfig */;
			buildSettings = {
				ASSETCATALOG_COMPILER_APPICON_NAME = AppIcon;
				ASSETCATALOG_COMPILER_GLOBAL_ACCENT_COLOR_NAME = AccentColor;
				CODE_SIGN_STYLE = Automatic;
				INFOPLIST_FILE = DrawWithMe/Info.plist;
				IPHONEOS_DEPLOYMENT_TARGET = 14.1;
				LD_RUNPATH_SEARCH_PATHS = (
					"$(inherited)",
					"@executable_path/Frameworks",
				);
				PRODUCT_BUNDLE_IDENTIFIER = com.DTeamAA.DrawWithMe;
				PRODUCT_NAME = "$(TARGET_NAME)";
				SWIFT_VERSION = 5.0;
				TARGETED_DEVICE_FAMILY = 2;
			};
			name = Release;
		};
/* End XCBuildConfiguration section */

/* Begin XCConfigurationList section */
		721DBB4225C991090081461A /* Build configuration list for PBXProject "DrawWithMe" */ = {
			isa = XCConfigurationList;
			buildConfigurations = (
				721DBB5C25C9910C0081461A /* Debug */,
				721DBB5D25C9910C0081461A /* Release */,
			);
			defaultConfigurationIsVisible = 0;
			defaultConfigurationName = Release;
		};
		721DBB5E25C9910C0081461A /* Build configuration list for PBXNativeTarget "DrawWithMe" */ = {
			isa = XCConfigurationList;
			buildConfigurations = (
				721DBB5F25C9910C0081461A /* Debug */,
				721DBB6025C9910C0081461A /* Release */,
			);
			defaultConfigurationIsVisible = 0;
			defaultConfigurationName = Release;
		};
/* End XCConfigurationList section */

/* Begin XCVersionGroup section */
		72A5783425E4238F0089A916 /* DrawWithMe.xcdatamodeld */ = {
			isa = XCVersionGroup;
			children = (
				72A5783525E4238F0089A916 /* DrawWithMe.xcdatamodel */,
			);
			currentVersion = 72A5783525E4238F0089A916 /* DrawWithMe.xcdatamodel */;
			path = DrawWithMe.xcdatamodeld;
			sourceTree = "<group>";
			versionGroupType = wrapper.xcdatamodel;
		};
/* End XCVersionGroup section */
	};
	rootObject = 721DBB3F25C991090081461A /* Project object */;
}
